
Microsoft Visual Studio Solution File, Format Version 12.00
# Visual Studio 14
VisualStudioVersion = 14.0.25420.1
MinimumVisualStudioVersion = 10.0.40219.1
Project("{FAE04EC0-301F-11D3-BF4B-00C04F79EFBC}") = "Northwind.Repositorios.SqlServer.Ado", "Northwind.Repositorios.SqlServer.Ado\Northwind.Repositorios.SqlServer.Ado.csproj", "{48C4E0FE-D334-4ACD-AE22-5CEE77882B59}"
EndProject
Project("{FAE04EC0-301F-11D3-BF4B-00C04F79EFBC}") = "Northwind.Repositorios.SqlServer.AdoTests", "Northwind.Repositorios.SqlServer.AdoTests\Northwind.Repositorios.SqlServer.AdoTests.csproj", "{76BCB666-4D71-44C7-9982-2F84287B5901}"
EndProject
Project("{FAE04EC0-301F-11D3-BF4B-00C04F79EFBC}") = "Northwind.WebForms", "Northwind.WebForms\Northwind.WebForms.csproj", "{C3CDA613-7100-4BAF-A5B7-C49480BE5EB3}"
EndProject
Project("{FAE04EC0-301F-11D3-BF4B-00C04F79EFBC}") = "Northwind.Dominio", "Northwind.Dominio\Northwind.Dominio.csproj", "{5B5FF709-0537-4F33-A061-8824A874C3EC}"
EndProject
Project("{FAE04EC0-301F-11D3-BF4B-00C04F79EFBC}") = "Northwind.Mvc", "Northwind.Mvc\Northwind.Mvc.csproj", "{6A740349-3945-4FC2-858C-26BDD5841085}"
EndProject
Project("{FAE04EC0-301F-11D3-BF4B-00C04F79EFBC}") = "Loja.Repositorios.SqlServer.EF", "Loja.Repositorios.SqlServer.EF\Loja.Repositorios.SqlServer.EF.csproj", "{10457731-6F3E-4187-B097-2D2696F0DA93}"
EndProject
Project("{FAE04EC0-301F-11D3-BF4B-00C04F79EFBC}") = "Loja.Dominio", "Loja.Dominio\Loja.Dominio.csproj", "{26F25E2F-C23F-410F-B470-119F9A76750D}"
EndProject
Project("{FAE04EC0-301F-11D3-BF4B-00C04F79EFBC}") = "Loja.Repositorios.SqlServer.EFTests", "Loja.Repositorios.SqlServer.EFTests\Loja.Repositorios.SqlServer.EFTests.csproj", "{7B78BB11-50D9-4CF9-AA28-21DFDE5029CF}"
EndProject
Project("{FAE04EC0-301F-11D3-BF4B-00C04F79EFBC}") = "Loja.Mvc", "Loja.Mvc\Loja.Mvc.csproj", "{7CDDE9F7-2CB9-4059-91DD-D796DA26C02C}"
EndProject
Project("{FAE04EC0-301F-11D3-BF4B-00C04F79EFBC}") = "AdventureWorks.Repositorios.SqlServer.EF", "AdventureWorks.Repositorios.SqlServer.EF\AdventureWorks.Repositorios.SqlServer.EF.csproj", "{C3A3B8F7-475C-4BF3-8CCF-940E2123C333}"
EndProject
Project("{FAE04EC0-301F-11D3-BF4B-00C04F79EFBC}") = "AdventureWorks.Wcf", "AdventureWorks.Wcf\AdventureWorks.Wcf.csproj", "{F8E99809-0B70-4237-8B2C-C27F0E62E888}"
EndProject
Global
	GlobalSection(SolutionConfigurationPlatforms) = preSolution
		Debug|Any CPU = Debug|Any CPU
		Release|Any CPU = Release|Any CPU
	EndGlobalSection
	GlobalSection(ProjectConfigurationPlatforms) = postSolution
		{48C4E0FE-D334-4ACD-AE22-5CEE77882B59}.Debug|Any CPU.ActiveCfg = Debug|Any CPU
		{48C4E0FE-D334-4ACD-AE22-5CEE77882B59}.Debug|Any CPU.Build.0 = Debug|Any CPU
		{48C4E0FE-D334-4ACD-AE22-5CEE77882B59}.Release|Any CPU.ActiveCfg = Release|Any CPU
		{48C4E0FE-D334-4ACD-AE22-5CEE77882B59}.Release|Any CPU.Build.0 = Release|Any CPU
		{76BCB666-4D71-44C7-9982-2F84287B5901}.Debug|Any CPU.ActiveCfg = Debug|Any CPU
		{76BCB666-4D71-44C7-9982-2F84287B5901}.Debug|Any CPU.Build.0 = Debug|Any CPU
		{76BCB666-4D71-44C7-9982-2F84287B5901}.Release|Any CPU.ActiveCfg = Release|Any CPU
		{76BCB666-4D71-44C7-9982-2F84287B5901}.Release|Any CPU.Build.0 = Release|Any CPU
		{C3CDA613-7100-4BAF-A5B7-C49480BE5EB3}.Debug|Any CPU.ActiveCfg = Debug|Any CPU
		{C3CDA613-7100-4BAF-A5B7-C49480BE5EB3}.Debug|Any CPU.Build.0 = Debug|Any CPU
		{C3CDA613-7100-4BAF-A5B7-C49480BE5EB3}.Release|Any CPU.ActiveCfg = Release|Any CPU
		{C3CDA613-7100-4BAF-A5B7-C49480BE5EB3}.Release|Any CPU.Build.0 = Release|Any CPU
		{5B5FF709-0537-4F33-A061-8824A874C3EC}.Debug|Any CPU.ActiveCfg = Debug|Any CPU
		{5B5FF709-0537-4F33-A061-8824A874C3EC}.Debug|Any CPU.Build.0 = Debug|Any CPU
		{5B5FF709-0537-4F33-A061-8824A874C3EC}.Release|Any CPU.ActiveCfg = Release|Any CPU
		{5B5FF709-0537-4F33-A061-8824A874C3EC}.Release|Any CPU.Build.0 = Release|Any CPU
		{6A740349-3945-4FC2-858C-26BDD5841085}.Debug|Any CPU.ActiveCfg = Debug|Any CPU
		{6A740349-3945-4FC2-858C-26BDD5841085}.Debug|Any CPU.Build.0 = Debug|Any CPU
		{6A740349-3945-4FC2-858C-26BDD5841085}.Release|Any CPU.ActiveCfg = Release|Any CPU
		{6A740349-3945-4FC2-858C-26BDD5841085}.Release|Any CPU.Build.0 = Release|Any CPU
		{10457731-6F3E-4187-B097-2D2696F0DA93}.Debug|Any CPU.ActiveCfg = Debug|Any CPU
		{10457731-6F3E-4187-B097-2D2696F0DA93}.Debug|Any CPU.Build.0 = Debug|Any CPU
		{10457731-6F3E-4187-B097-2D2696F0DA93}.Release|Any CPU.ActiveCfg = Release|Any CPU
		{10457731-6F3E-4187-B097-2D2696F0DA93}.Release|Any CPU.Build.0 = Release|Any CPU
		{26F25E2F-C23F-410F-B470-119F9A76750D}.Debug|Any CPU.ActiveCfg = Debug|Any CPU
		{26F25E2F-C23F-410F-B470-119F9A76750D}.Debug|Any CPU.Build.0 = Debug|Any CPU
		{26F25E2F-C23F-410F-B470-119F9A76750D}.Release|Any CPU.ActiveCfg = Release|Any CPU
		{26F25E2F-C23F-410F-B470-119F9A76750D}.Release|Any CPU.Build.0 = Release|Any CPU
		{7B78BB11-50D9-4CF9-AA28-21DFDE5029CF}.Debug|Any CPU.ActiveCfg = Debug|Any CPU
		{7B78BB11-50D9-4CF9-AA28-21DFDE5029CF}.Debug|Any CPU.Build.0 = Debug|Any CPU
		{7B78BB11-50D9-4CF9-AA28-21DFDE5029CF}.Release|Any CPU.ActiveCfg = Release|Any CPU
		{7B78BB11-50D9-4CF9-AA28-21DFDE5029CF}.Release|Any CPU.Build.0 = Release|Any CPU
		{7CDDE9F7-2CB9-4059-91DD-D796DA26C02C}.Debug|Any CPU.ActiveCfg = Debug|Any CPU
		{7CDDE9F7-2CB9-4059-91DD-D796DA26C02C}.Debug|Any CPU.Build.0 = Debug|Any CPU
		{7CDDE9F7-2CB9-4059-91DD-D796DA26C02C}.Release|Any CPU.ActiveCfg = Release|Any CPU
		{7CDDE9F7-2CB9-4059-91DD-D796DA26C02C}.Release|Any CPU.Build.0 = Release|Any CPU
		{C3A3B8F7-475C-4BF3-8CCF-940E2123C333}.Debug|Any CPU.ActiveCfg = Debug|Any CPU
		{C3A3B8F7-475C-4BF3-8CCF-940E2123C333}.Debug|Any CPU.Build.0 = Debug|Any CPU
		{C3A3B8F7-475C-4BF3-8CCF-940E2123C333}.Release|Any CPU.ActiveCfg = Release|Any CPU
		{C3A3B8F7-475C-4BF3-8CCF-940E2123C333}.Release|Any CPU.Build.0 = Release|Any CPU
		{F8E99809-0B70-4237-8B2C-C27F0E62E888}.Debug|Any CPU.ActiveCfg = Debug|Any CPU
		{F8E99809-0B70-4237-8B2C-C27F0E62E888}.Debug|Any CPU.Build.0 = Debug|Any CPU
		{F8E99809-0B70-4237-8B2C-C27F0E62E888}.Release|Any CPU.ActiveCfg = Release|Any CPU
		{F8E99809-0B70-4237-8B2C-C27F0E62E888}.Release|Any CPU.Build.0 = Release|Any CPU
	EndGlobalSection
	GlobalSection(SolutionProperties) = preSolution
		HideSolutionNode = FALSE
	EndGlobalSection
EndGlobal
